// !$*UTF8*$!
{
	archiveVersion = 1;
	classes = {
	};
	objectVersion = 60;
	objects = {

/* Begin PBXBuildFile section */
		8F3D11C92C29BF18004C664D /* AppDelegate.swift in Sources */ = {isa = PBXBuildFile; fileRef = 8F3D11C82C29BF18004C664D /* AppDelegate.swift */; };
		8F3D11CB2C29BF18004C664D /* SceneDelegate.swift in Sources */ = {isa = PBXBuildFile; fileRef = 8F3D11CA2C29BF18004C664D /* SceneDelegate.swift */; };
		8F3D11CD2C29BF18004C664D /* ViewController.swift in Sources */ = {isa = PBXBuildFile; fileRef = 8F3D11CC2C29BF18004C664D /* ViewController.swift */; };
		8F3D11D02C29BF18004C664D /* Main.storyboard in Resources */ = {isa = PBXBuildFile; fileRef = 8F3D11CE2C29BF18004C664D /* Main.storyboard */; };
		8F3D11D22C29BF1A004C664D /* Assets.xcassets in Resources */ = {isa = PBXBuildFile; fileRef = 8F3D11D12C29BF1A004C664D /* Assets.xcassets */; };
		8F3D11D52C29BF1A004C664D /* LaunchScreen.storyboard in Resources */ = {isa = PBXBuildFile; fileRef = 8F3D11D32C29BF1A004C664D /* LaunchScreen.storyboard */; };
		8F3D11DE2C29BF8D004C664D /* dynamicImageHeightLabelPopup in Frameworks */ = {isa = PBXBuildFile; productRef = 8F3D11DD2C29BF8D004C664D /* dynamicImageHeightLabelPopup */; };
/* End PBXBuildFile section */

/* Begin PBXFileReference section */
		8F3D11C52C29BF18004C664D /* DynamicLabelDemo.app */ = {isa = PBXFileReference; explicitFileType = wrapper.application; includeInIndex = 0; path = DynamicLabelDemo.app; sourceTree = BUILT_PRODUCTS_DIR; };
		8F3D11C82C29BF18004C664D /* AppDelegate.swift */ = {isa = PBXFileReference; lastKnownFileType = sourcecode.swift; path = AppDelegate.swift; sourceTree = "<group>"; };
		8F3D11CA2C29BF18004C664D /* SceneDelegate.swift */ = {isa = PBXFileReference; lastKnownFileType = sourcecode.swift; path = SceneDelegate.swift; sourceTree = "<group>"; };
		8F3D11CC2C29BF18004C664D /* ViewController.swift */ = {isa = PBXFileReference; lastKnownFileType = sourcecode.swift; path = ViewController.swift; sourceTree = "<group>"; };
		8F3D11CF2C29BF18004C664D /* Base */ = {isa = PBXFileReference; lastKnownFileType = file.storyboard; name = Base; path = Base.lproj/Main.storyboard; sourceTree = "<group>"; };
		8F3D11D12C29BF1A004C664D /* Assets.xcassets */ = {isa = PBXFileReference; lastKnownFileType = folder.assetcatalog; path = Assets.xcassets; sourceTree = "<group>"; };
		8F3D11D42C29BF1A004C664D /* Base */ = {isa = PBXFileReference; lastKnownFileType = file.storyboard; name = Base; path = Base.lproj/LaunchScreen.storyboard; sourceTree = "<group>"; };
		8F3D11D62C29BF1A004C664D /* Info.plist */ = {isa = PBXFileReference; lastKnownFileType = text.plist.xml; path = Info.plist; sourceTree = "<group>"; };
/* End PBXFileReference section */

/* Begin PBXFrameworksBuildPhase section */
		8F3D11C22C29BF18004C664D /* Frameworks */ = {
			isa = PBXFrameworksBuildPhase;
			buildActionMask = 2147483647;
			files = (
				8F3D11DE2C29BF8D004C664D /* dynamicImageHeightLabelPopup in Frameworks */,
			);
			runOnlyForDeploymentPostprocessing = 0;
		};
/* End PBXFrameworksBuildPhase section */

/* Begin PBXGroup section */
		8F3D11BC2C29BF18004C664D = {
			isa = PBXGroup;
			children = (
				8F3D11C72C29BF18004C664D /* DynamicLabelDemo */,
				8F3D11C62C29BF18004C664D /* Products */,
			);
			sourceTree = "<group>";
		};
		8F3D11C62C29BF18004C664D /* Products */ = {
			isa = PBXGroup;
			children = (
				8F3D11C52C29BF18004C664D /* DynamicLabelDemo.app */,
			);
			name = Products;
			sourceTree = "<group>";
		};
		8F3D11C72C29BF18004C664D /* DynamicLabelDemo */ = {
			isa = PBXGroup;
			children = (
				8F3D11C82C29BF18004C664D /* AppDelegate.swift */,
				8F3D11CA2C29BF18004C664D /* SceneDelegate.swift */,
				8F3D11CC2C29BF18004C664D /* ViewController.swift */,
				8F3D11CE2C29BF18004C664D /* Main.storyboard */,
				8F3D11D12C29BF1A004C664D /* Assets.xcassets */,
				8F3D11D32C29BF1A004C664D /* LaunchScreen.storyboard */,
				8F3D11D62C29BF1A004C664D /* Info.plist */,
			);
			path = DynamicLabelDemo;
			sourceTree = "<group>";
		};
/* End PBXGroup section */

/* Begin PBXNativeTarget section */
		8F3D11C42C29BF18004C664D /* DynamicLabelDemo */ = {
			isa = PBXNativeTarget;
			buildConfigurationList = 8F3D11D92C29BF1A004C664D /* Build configuration list for PBXNativeTarget "DynamicLabelDemo" */;
			buildPhases = (
				8F3D11C12C29BF18004C664D /* Sources */,
				8F3D11C22C29BF18004C664D /* Frameworks */,
				8F3D11C32C29BF18004C664D /* Resources */,
			);
			buildRules = (
			);
			dependencies = (
			);
			name = DynamicLabelDemo;
			packageProductDependencies = (
				8F3D11DD2C29BF8D004C664D /* dynamicImageHeightLabelPopup */,
			);
			productName = DynamicLabelDemo;
			productReference = 8F3D11C52C29BF18004C664D /* DynamicLabelDemo.app */;
			productType = "com.apple.product-type.application";
		};
/* End PBXNativeTarget section */

/* Begin PBXProject section */
		8F3D11BD2C29BF18004C664D /* Project object */ = {
			isa = PBXProject;
			attributes = {
				BuildIndependentTargetsInParallel = 1;
				LastSwiftUpdateCheck = 1520;
				LastUpgradeCheck = 1520;
				TargetAttributes = {
					8F3D11C42C29BF18004C664D = {
						CreatedOnToolsVersion = 15.2;
					};
				};
			};
			buildConfigurationList = 8F3D11C02C29BF18004C664D /* Build configuration list for PBXProject "DynamicLabelDemo" */;
			compatibilityVersion = "Xcode 14.0";
			developmentRegion = en;
			hasScannedForEncodings = 0;
			knownRegions = (
				en,
				Base,
			);
			mainGroup = 8F3D11BC2C29BF18004C664D;
			packageReferences = (
				8F3D11DC2C29BF8D004C664D /* XCLocalSwiftPackageReference ".." */,
			);
			productRefGroup = 8F3D11C62C29BF18004C664D /* Products */;
			projectDirPath = "";
			projectRoot = "";
			targets = (
				8F3D11C42C29BF18004C664D /* DynamicLabelDemo */,
			);
		};
/* End PBXProject section */

/* Begin PBXResourcesBuildPhase section */
		8F3D11C32C29BF18004C664D /* Resources */ = {
			isa = PBXResourcesBuildPhase;
			buildActionMask = 2147483647;
			files = (
				8F3D11D52C29BF1A004C664D /* LaunchScreen.storyboard in Resources */,
				8F3D11D22C29BF1A004C664D /* Assets.xcassets in Resources */,
				8F3D11D02C29BF18004C664D /* Main.storyboard in Resources */,
			);
			runOnlyForDeploymentPostprocessing = 0;
		};
/* End PBXResourcesBuildPhase section */

/* Begin PBXSourcesBuildPhase section */
		8F3D11C12C29BF18004C664D /* Sources */ = {
			isa = PBXSourcesBuildPhase;
			buildActionMask = 2147483647;
			files = (
				8F3D11CD2C29BF18004C664D /* ViewController.swift in Sources */,
				8F3D11C92C29BF18004C664D /* AppDelegate.swift in Sources */,
				8F3D11CB2C29BF18004C664D /* SceneDelegate.swift in Sources */,
			);
			runOnlyForDeploymentPostprocessing = 0;
		};
/* End PBXSourcesBuildPhase section */

/* Begin PBXVariantGroup section */
		8F3D11CE2C29BF18004C664D /* Main.storyboard */ = {
			isa = PBXVariantGroup;
			children = (
				8F3D11CF2C29BF18004C664D /* Base */,
			);
			name = Main.storyboard;
			sourceTree = "<group>";
		};
		8F3D11D32C29BF1A004C664D /* LaunchScreen.storyboard */ = {
			isa = PBXVariantGroup;
			children = (
				8F3D11D42C29BF1A004C664D /* Base */,
			);
			name = LaunchScreen.storyboard;
			sourceTree = "<group>";
		};
/* End PBXVariantGroup section */

/* Begin XCBuildConfiguration section */
		8F3D11D72C29BF1A004C664D /* Debug */ = {
			isa = XCBuildConfiguration;
			buildSettings = {
				ALWAYS_SEARCH_USER_PATHS = NO;
				ASSETCATALOG_COMPILER_GENERATE_SWIFT_ASSET_SYMBOL_EXTENSIONS = YES;
				CLANG_ANALYZER_NONNULL = YES;
				CLANG_ANALYZER_NUMBER_OBJECT_CONVERSION = YES_AGGRESSIVE;
				CLANG_CXX_LANGUAGE_STANDARD = "gnu++20";
				CLANG_ENABLE_MODULES = YES;
				CLANG_ENABLE_OBJC_ARC = YES;
				CLANG_ENABLE_OBJC_WEAK = YES;
				CLANG_WARN_BLOCK_CAPTURE_AUTORELEASING = YES;
				CLANG_WARN_BOOL_CONVERSION = YES;
				CLANG_WARN_COMMA = YES;
				CLANG_WARN_CONSTANT_CONVERSION = YES;
				CLANG_WARN_DEPRECATED_OBJC_IMPLEMENTATIONS = YES;
				CLANG_WARN_DIRECT_OBJC_ISA_USAGE = YES_ERROR;
				CLANG_WARN_DOCUMENTATION_COMMENTS = YES;
				CLANG_WARN_EMPTY_BODY = YES;
				CLANG_WARN_ENUM_CONVERSION = YES;
				CLANG_WARN_INFINITE_RECURSION = YES;
				CLANG_WARN_INT_CONVERSION = YES;
				CLANG_WARN_NON_LITERAL_NULL_CONVERSION = YES;
				CLANG_WARN_OBJC_IMPLICIT_RETAIN_SELF = YES;
				CLANG_WARN_OBJC_LITERAL_CONVERSION = YES;
				CLANG_WARN_OBJC_ROOT_CLASS = YES_ERROR;
				CLANG_WARN_QUOTED_INCLUDE_IN_FRAMEWORK_HEADER = YES;
				CLANG_WARN_RANGE_LOOP_ANALYSIS = YES;
				CLANG_WARN_STRICT_PROTOTYPES = YES;
				CLANG_WARN_SUSPICIOUS_MOVE = YES;
				CLANG_WARN_UNGUARDED_AVAILABILITY = YES_AGGRESSIVE;
				CLANG_WARN_UNREACHABLE_CODE = YES;
				CLANG_WARN__DUPLICATE_METHOD_MATCH = YES;
				COPY_PHASE_STRIP = NO;
				DEBUG_INFORMATION_FORMAT = dwarf;
				ENABLE_STRICT_OBJC_MSGSEND = YES;
				ENABLE_TESTABILITY = YES;
				ENABLE_USER_SCRIPT_SANDBOXING = YES;
				GCC_C_LANGUAGE_STANDARD = gnu17;
				GCC_DYNAMIC_NO_PIC = NO;
				GCC_NO_COMMON_BLOCKS = YES;
				GCC_OPTIMIZATION_LEVEL = 0;
				GCC_PREPROCESSOR_DEFINITIONS = (
					"DEBUG=1",
					"$(inherited)",
				);
				GCC_WARN_64_TO_32_BIT_CONVERSION = YES;
				GCC_WARN_ABOUT_RETURN_TYPE = YES_ERROR;
				GCC_WARN_UNDECLARED_SELECTOR = YES;
				GCC_WARN_UNINITIALIZED_AUTOS = YES_AGGRESSIVE;
				GCC_WARN_UNUSED_FUNCTION = YES;
				GCC_WARN_UNUSED_VARIABLE = YES;
				IPHONEOS_DEPLOYMENT_TARGET = 17.2;
				LOCALIZATION_PREFERS_STRING_CATALOGS = YES;
				MTL_ENABLE_DEBUG_INFO = INCLUDE_SOURCE;
				MTL_FAST_MATH = YES;
				ONLY_ACTIVE_ARCH = YES;
				SDKROOT = iphoneos;
				SWIFT_ACTIVE_COMPILATION_CONDITIONS = "DEBUG $(inherited)";
				SWIFT_OPTIMIZATION_LEVEL = "-Onone";
			};
			name = Debug;
		};
		8F3D11D82C29BF1A004C664D /* Release */ = {
			isa = XCBuildConfiguration;
			buildSettings = {
				ALWAYS_SEARCH_USER_PATHS = NO;
				ASSETCATALOG_COMPILER_GENERATE_SWIFT_ASSET_SYMBOL_EXTENSIONS = YES;
				CLANG_ANALYZER_NONNULL = YES;
				CLANG_ANALYZER_NUMBER_OBJECT_CONVERSION = YES_AGGRESSIVE;
				CLANG_CXX_LANGUAGE_STANDARD = "gnu++20";
				CLANG_ENABLE_MODULES = YES;
				CLANG_ENABLE_OBJC_ARC = YES;
				CLANG_ENABLE_OBJC_WEAK = YES;
				CLANG_WARN_BLOCK_CAPTURE_AUTORELEASING = YES;
				CLANG_WARN_BOOL_CONVERSION = YES;
				CLANG_WARN_COMMA = YES;
				CLANG_WARN_CONSTANT_CONVERSION = YES;
				CLANG_WARN_DEPRECATED_OBJC_IMPLEMENTATIONS = YES;
				CLANG_WARN_DIRECT_OBJC_ISA_USAGE = YES_ERROR;
				CLANG_WARN_DOCUMENTATION_COMMENTS = YES;
				CLANG_WARN_EMPTY_BODY = YES;
				CLANG_WARN_ENUM_CONVERSION = YES;
				CLANG_WARN_INFINITE_RECURSION = YES;
				CLANG_WARN_INT_CONVERSION = YES;
				CLANG_WARN_NON_LITERAL_NULL_CONVERSION = YES;
				CLANG_WARN_OBJC_IMPLICIT_RETAIN_SELF = YES;
				CLANG_WARN_OBJC_LITERAL_CONVERSION = YES;
				CLANG_WARN_OBJC_ROOT_CLASS = YES_ERROR;
				CLANG_WARN_QUOTED_INCLUDE_IN_FRAMEWORK_HEADER = YES;
				CLANG_WARN_RANGE_LOOP_ANALYSIS = YES;
				CLANG_WARN_STRICT_PROTOTYPES = YES;
				CLANG_WARN_SUSPICIOUS_MOVE = YES;
				CLANG_WARN_UNGUARDED_AVAILABILITY = YES_AGGRESSIVE;
				CLANG_WARN_UNREACHABLE_CODE = YES;
				CLANG_WARN__DUPLICATE_METHOD_MATCH = YES;
				COPY_PHASE_STRIP = NO;
				DEBUG_INFORMATION_FORMAT = "dwarf-with-dsym";
				ENABLE_NS_ASSERTIONS = NO;
				ENABLE_STRICT_OBJC_MSGSEND = YES;
				ENABLE_USER_SCRIPT_SANDBOXING = YES;
				GCC_C_LANGUAGE_STANDARD = gnu17;
				GCC_NO_COMMON_BLOCKS = YES;
				GCC_WARN_64_TO_32_BIT_CONVERSION = YES;
				GCC_WARN_ABOUT_RETURN_TYPE = YES_ERROR;
				GCC_WARN_UNDECLARED_SELECTOR = YES;
				GCC_WARN_UNINITIALIZED_AUTOS = YES_AGGRESSIVE;
				GCC_WARN_UNUSED_FUNCTION = YES;
				GCC_WARN_UNUSED_VARIABLE = YES;
				IPHONEOS_DEPLOYMENT_TARGET = 17.2;
				LOCALIZATION_PREFERS_STRING_CATALOGS = YES;
				MTL_ENABLE_DEBUG_INFO = NO;
				MTL_FAST_MATH = YES;
				SDKROOT = iphoneos;
				SWIFT_COMPILATION_MODE = wholemodule;
				VALIDATE_PRODUCT = YES;
			};
			name = Release;
		};
		8F3D11DA2C29BF1A004C664D /* Debug */ = {
			isa = XCBuildConfiguration;
			buildSettings = {
				ASSETCATALOG_COMPILER_APPICON_NAME = AppIcon;
				ASSETCATALOG_COMPILER_GLOBAL_ACCENT_COLOR_NAME = AccentColor;
				CODE_SIGN_STYLE = Automatic;
				CURRENT_PROJECT_VERSION = 1;
				DEVELOPMENT_TEAM = VBG2DLANNV;
				GENERATE_INFOPLIST_FILE = YES;
				INFOPLIST_FILE = DynamicLabelDemo/Info.plist;
				INFOPLIST_KEY_UIApplicationSupportsIndirectInputEvents = YES;
				INFOPLIST_KEY_UILaunchStoryboardName = LaunchScreen;
				INFOPLIST_KEY_UIMainStoryboardFile = Main;
				INFOPLIST_KEY_UISupportedInterfaceOrientations_iPad = "UIInterfaceOrientationPortrait UIInterfaceOrientationPortraitUpsideDown UIInterfaceOrientationLandscapeLeft UIInterfaceOrientationLandscapeRight";
				INFOPLIST_KEY_UISupportedInterfaceOrientations_iPhone = "UIInterfaceOrientationPortrait UIInterfaceOrientationLandscapeLeft UIInterfaceOrientationLandscapeRight";
				LD_RUNPATH_SEARCH_PATHS = (
					"$(inherited)",
					"@executable_path/Frameworks",
				);
				MARKETING_VERSION = 1.0;
				PRODUCT_BUNDLE_IDENTIFIER = com.kashi.DynamicLabelDemo;
				PRODUCT_NAME = "$(TARGET_NAME)";
				SWIFT_EMIT_LOC_STRINGS = YES;
				SWIFT_VERSION = 5.0;
				TARGETED_DEVICE_FAMILY = "1,2";
			};
			name = Debug;
		};
		8F3D11DB2C29BF1A004C664D /* Release */ = {
			isa = XCBuildConfiguration;
			buildSettings = {
				ASSETCATALOG_COMPILER_APPICON_NAME = AppIcon;
				ASSETCATALOG_COMPILER_GLOBAL_ACCENT_COLOR_NAME = AccentColor;
				CODE_SIGN_STYLE = Automatic;
				CURRENT_PROJECT_VERSION = 1;
				DEVELOPMENT_TEAM = VBG2DLANNV;
				GENERATE_INFOPLIST_FILE = YES;
				INFOPLIST_FILE = DynamicLabelDemo/Info.plist;
				INFOPLIST_KEY_UIApplicationSupportsIndirectInputEvents = YES;
				INFOPLIST_KEY_UILaunchStoryboardName = LaunchScreen;
				INFOPLIST_KEY_UIMainStoryboardFile = Main;
				INFOPLIST_KEY_UISupportedInterfaceOrientations_iPad = "UIInterfaceOrientationPortrait UIInterfaceOrientationPortraitUpsideDown UIInterfaceOrientationLandscapeLeft UIInterfaceOrientationLandscapeRight";
				INFOPLIST_KEY_UISupportedInterfaceOrientations_iPhone = "UIInterfaceOrientationPortrait UIInterfaceOrientationLandscapeLeft UIInterfaceOrientationLandscapeRight";
				LD_RUNPATH_SEARCH_PATHS = (
					"$(inherited)",
					"@executable_path/Frameworks",
				);
				MARKETING_VERSION = 1.0;
				PRODUCT_BUNDLE_IDENTIFIER = com.kashi.DynamicLabelDemo;
				PRODUCT_NAME = "$(TARGET_NAME)";
				SWIFT_EMIT_LOC_STRINGS = YES;
				SWIFT_VERSION = 5.0;
				TARGETED_DEVICE_FAMILY = "1,2";
			};
			name = Release;
		};
/* End XCBuildConfiguration section */

/* Begin XCConfigurationList section */
		8F3D11C02C29BF18004C664D /* Build configuration list for PBXProject "DynamicLabelDemo" */ = {
			isa = XCConfigurationList;
			buildConfigurations = (
				8F3D11D72C29BF1A004C664D /* Debug */,
				8F3D11D82C29BF1A004C664D /* Release */,
			);
			defaultConfigurationIsVisible = 0;
			defaultConfigurationName = Release;
		};
		8F3D11D92C29BF1A004C664D /* Build configuration list for PBXNativeTarget "DynamicLabelDemo" */ = {
			isa = XCConfigurationList;
			buildConfigurations = (
				8F3D11DA2C29BF1A004C664D /* Debug */,
				8F3D11DB2C29BF1A004C664D /* Release */,
			);
			defaultConfigurationIsVisible = 0;
			defaultConfigurationName = Release;
		};
/* End XCConfigurationList section */

/* Begin XCLocalSwiftPackageReference section */
		8F3D11DC2C29BF8D004C664D /* XCLocalSwiftPackageReference ".." */ = {
			isa = XCLocalSwiftPackageReference;
			relativePath = ..;
		};
/* End XCLocalSwiftPackageReference section */

/* Begin XCSwiftPackageProductDependency section */
		8F3D11DD2C29BF8D004C664D /* dynamicImageHeightLabelPopup */ = {
			isa = XCSwiftPackageProductDependency;
			productName = dynamicImageHeightLabelPopup;
		};
/* End XCSwiftPackageProductDependency section */
	};
	rootObject = 8F3D11BD2C29BF18004C664D /* Project object */;
}
